
Microsoft Visual Studio Solution File, Format Version 12.00
# Visual Studio 2013
VisualStudioVersion = 12.0.21005.1
MinimumVisualStudioVersion = 10.0.40219.1
Project("{F184B08F-C81C-45F6-A57F-5ABD9991F28F}") = "SignatureRotator", "SignatureRotator\SignatureRotator.vbproj", "{80AD19FE-DA84-439B-B40C-BC1834814262}"
EndProject
Project("{F184B08F-C81C-45F6-A57F-5ABD9991F28F}") = "SignatureLibrary", "SignatureLibrary\SignatureLibrary.vbproj", "{DCDB8BE5-D2B8-4BB8-8A4B-5CBA4CE25D92}"
EndProject
Project("{F184B08F-C81C-45F6-A57F-5ABD9991F28F}") = "UnitTests", "UnitTests\UnitTests.vbproj", "{543AD16E-D2A8-475F-9F3B-A28FE07C2760}"
EndProject
Project("{2150E333-8FDC-42A3-9474-1A3956D46DE8}") = ".nuget", ".nuget", "{E4245DD0-A781-4FDC-AD55-887462847FEB}"
	ProjectSection(SolutionItems) = preProject
		.nuget\NuGet.exe = .nuget\NuGet.exe
		.nuget\NuGet.targets = .nuget\NuGet.targets
	EndProjectSection
EndProject
Project("{2150E333-8FDC-42A3-9474-1A3956D46DE8}") = "InfoFiles", "InfoFiles", "{DD2D36B6-5C5E-42F1-8E69-93581EF378E4}"
	ProjectSection(SolutionItems) = preProject
		SolutionInfo.vb = SolutionInfo.vb
	EndProjectSection
EndProject
Project("{2150E333-8FDC-42A3-9474-1A3956D46DE8}") = "Build", "Build", "{513600FE-1F1A-462E-9951-CCB9BA7C146B}"
	ProjectSection(SolutionItems) = preProject
		Build\build.bat = Build\build.bat
		Build\build.msbuild = Build\build.msbuild
		Build\buildrelease.bat = Build\buildrelease.bat
		Build\publishrelease.bat = Build\publishrelease.bat
		Build\test.bat = Build\test.bat
		Build\testrelease.bat = Build\testrelease.bat
	EndProjectSection
EndProject
Project("{2150E333-8FDC-42A3-9474-1A3956D46DE8}") = "Solution Files", "Solution Files", "{A0BA594D-F4B3-485E-8F83-6C1BAD21E1A3}"
	ProjectSection(SolutionItems) = preProject
		SignatureRotator\changes.txt = SignatureRotator\changes.txt
		README.md = README.md
	EndProjectSection
EndProject
Project("{2150E333-8FDC-42A3-9474-1A3956D46DE8}") = ".build", ".build", "{C553C0FF-9DB4-4FAF-932A-F9120ED7FCB9}"
	ProjectSection(SolutionItems) = preProject
		Build.proj = Build.proj
		.build\MSBuild.Community.Tasks.dll = .build\MSBuild.Community.Tasks.dll
		.build\MSBuild.Community.Tasks.targets = .build\MSBuild.Community.Tasks.targets
	EndProjectSection
EndProject
Global
	GlobalSection(SolutionConfigurationPlatforms) = preSolution
		Debug|Any CPU = Debug|Any CPU
		Release|Any CPU = Release|Any CPU
	EndGlobalSection
	GlobalSection(ProjectConfigurationPlatforms) = postSolution
		{80AD19FE-DA84-439B-B40C-BC1834814262}.Debug|Any CPU.ActiveCfg = Debug|Any CPU
		{80AD19FE-DA84-439B-B40C-BC1834814262}.Debug|Any CPU.Build.0 = Debug|Any CPU
		{80AD19FE-DA84-439B-B40C-BC1834814262}.Release|Any CPU.ActiveCfg = Release|Any CPU
		{80AD19FE-DA84-439B-B40C-BC1834814262}.Release|Any CPU.Build.0 = Release|Any CPU
		{DCDB8BE5-D2B8-4BB8-8A4B-5CBA4CE25D92}.Debug|Any CPU.ActiveCfg = Debug|Any CPU
		{DCDB8BE5-D2B8-4BB8-8A4B-5CBA4CE25D92}.Debug|Any CPU.Build.0 = Debug|Any CPU
		{DCDB8BE5-D2B8-4BB8-8A4B-5CBA4CE25D92}.Release|Any CPU.ActiveCfg = Release|Any CPU
		{DCDB8BE5-D2B8-4BB8-8A4B-5CBA4CE25D92}.Release|Any CPU.Build.0 = Release|Any CPU
		{543AD16E-D2A8-475F-9F3B-A28FE07C2760}.Debug|Any CPU.ActiveCfg = Debug|Any CPU
		{543AD16E-D2A8-475F-9F3B-A28FE07C2760}.Debug|Any CPU.Build.0 = Debug|Any CPU
		{543AD16E-D2A8-475F-9F3B-A28FE07C2760}.Release|Any CPU.ActiveCfg = Release|Any CPU
		{543AD16E-D2A8-475F-9F3B-A28FE07C2760}.Release|Any CPU.Build.0 = Release|Any CPU
	EndGlobalSection
	GlobalSection(SolutionProperties) = preSolution
		HideSolutionNode = FALSE
	EndGlobalSection
	GlobalSection(ExtensibilityGlobals) = postSolution
		VisualSVNWorkingCopyRoot = .
	EndGlobalSection
EndGlobal
